github.com/wowchemy/wowchemy-hugo-modules/wowchemy-cms/v5 v5.0.0-20210717093939-a9189fd7c7c6/go.mod h1:Sp/AKo+2HAPi/IPHp1MEdKPmee+mzO5+efUBUPLPqPE=
github.com/wowchemy/wowchemy-hugo-modules/wowchemy-cms/v5 v5.0.0-20210717130331-c75030419727 h1:2koo1fd1c8+gv7KuE32qTiuJtJKvM6m4S1tUwsFvaBo=
github.com/wowchemy/wowchemy-hugo-modules/wowchemy-cms/v5 v5.0.0-20210717130331-c75030419727/go.mod h1:Sp/AKo+2HAPi/IPHp1MEdKPmee+mzO5+efUBUPLPqPE=
github.com/wowchemy/wowchemy-hugo-modules/wowchemy-cms/v5 v5.0.0-20210717140502-1db799ea7431 h1:REDf7gNNKNwW5arq8U7WMxDhWJ6V2EPn+YEPSvFYIHg=
github.com/wowchemy/wowchemy-hugo-modules/wowchemy-cms/v5 v5.0.0-20210717140502-1db799ea7431/go.mod h1:Sp/AKo+2HAPi/IPHp1MEdKPmee+mzO5+efUBUPLPqPE=
github.com/wowchemy/wowchemy-hugo-modules/wowchemy/v5 v5.0.0-20210717093939-a9189fd7c7c6/go.mod h1:2iL9rdrUYyJXX2BeHKfK+QbqZlubCsaR60nQ87NRQTY=
github.com/wowchemy/wowchemy-hugo-modules/wowchemy/v5 v5.0.0-20210717130331-c75030419727 h1:hUoMVVE5RnS0hcQ0ciz5dipcsfcqeI17fr/qO2YSfjA=
github.com/wowchemy/wowchemy-hugo-modules/wowchemy/v5 v5.0.0-20210717130331-c75030419727/go.mod h1:2iL9rdrUYyJXX2BeHKfK+QbqZlubCsaR60nQ87NRQTY=
github.com/wowchemy/wowchemy-hugo-modules/wowchemy/v5 v5.0.0-20210717140502-1db799ea7431 h1:1kdX1aYAtfBrURAzy/6qUNMggkpuf/KahSTVozPhIfw=
github.com/wowchemy/wowchemy-hugo-modules/wowchemy/v5 v5.0.0-20210717140502-1db799ea7431/go.mod h1:2iL9rdrUYyJXX2BeHKfK+QbqZlubCsaR60nQ87NRQTY=
